
Microsoft Visual Studio Solution File, Format Version 12.00
# Visual Studio Version 17
VisualStudioVersion = 17.8.34525.116
MinimumVisualStudioVersion = 10.0.40219.1
Project("{FAE04EC0-301F-11D3-BF4B-00C04F79EFBC}") = "#hometask_AlgoritmsLoop", "#hometask_AlgoritmsLoop\#hometask_AlgoritmsLoop.csproj", "{31F168F2-812A-4EFF-992F-54F44470B046}"
EndProject
Global
	GlobalSection(SolutionConfigurationPlatforms) = preSolution
		Debug|Any CPU = Debug|Any CPU
		Release|Any CPU = Release|Any CPU
	EndGlobalSection
	GlobalSection(ProjectConfigurationPlatforms) = postSolution
		{31F168F2-812A-4EFF-992F-54F44470B046}.Debug|Any CPU.ActiveCfg = Debug|Any CPU
		{31F168F2-812A-4EFF-992F-54F44470B046}.Debug|Any CPU.Build.0 = Debug|Any CPU
		{31F168F2-812A-4EFF-992F-54F44470B046}.Release|Any CPU.ActiveCfg = Release|Any CPU
		{31F168F2-812A-4EFF-992F-54F44470B046}.Release|Any CPU.Build.0 = Release|Any CPU
	EndGlobalSection
	GlobalSection(SolutionProperties) = preSolution
		HideSolutionNode = FALSE
	EndGlobalSection
	GlobalSection(ExtensibilityGlobals) = postSolution
		SolutionGuid = {4D1E1D84-6E9B-4224-8340-076D1DC6E0D0}
	EndGlobalSection
EndGlobal
